{
  "lockfile_version": "1",
  "packages": {
    "poetry@2.0.1": {
      "last_modified": "2025-02-07T11:26:36Z",
      "plugin_version": "0.0.4",
      "resolved": "github:NixOS/nixpkgs/d98abf5cf5914e5e4e9d57205e3af55ca90ffc1d#poetry",
      "source": "devbox-search",
      "version": "2.0.1",
      "systems": {
        "aarch64-darwin": {
          "outputs": [
            {
              "name": "out",
              "path": "/nix/store/gcvm2lbcdz2c8i99h9xsykgq0m6gd9wr-python3.12-poetry-2.0.1",
              "default": true
            },
            {
              "name": "dist",
              "path": "/nix/store/pnrbks2d2vpdpnhw9s2l7i8idkzfbb3w-python3.12-poetry-2.0.1-dist"
            }
          ],
          "store_path": "/nix/store/gcvm2lbcdz2c8i99h9xsykgq0m6gd9wr-python3.12-poetry-2.0.1"
        },
        "aarch64-linux": {
          "outputs": [
            {
              "name": "out",
              "path": "/nix/store/hnhr1v6axrp6ynpkiz81a3l2vb4xncyh-python3.12-poetry-2.0.1",
              "default": true
            },
            {
              "name": "dist",
              "path": "/nix/store/1is6y87h212wl31rair0vaighgaqiq2f-python3.12-poetry-2.0.1-dist"
            }
          ],
          "store_path": "/nix/store/hnhr1v6axrp6ynpkiz81a3l2vb4xncyh-python3.12-poetry-2.0.1"
        },
        "x86_64-darwin": {
          "outputs": [
            {
              "name": "out",
              "path": "/nix/store/kfm3knp1gmhp2w3dcgm7w1j5wzk2q7w0-python3.12-poetry-2.0.1",
              "default": true
            },
            {
              "name": "dist",
              "path": "/nix/store/in7dy9n4bymyjxccvlsmbdkcmvyx5spw-python3.12-poetry-2.0.1-dist"
            }
          ],
          "store_path": "/nix/store/kfm3knp1gmhp2w3dcgm7w1j5wzk2q7w0-python3.12-poetry-2.0.1"
        },
        "x86_64-linux": {
          "outputs": [
            {
              "name": "out",
              "path": "/nix/store/4ga62hpi7fkqmpnlfmccgb1qwn9qvhgk-python3.12-poetry-2.0.1",
              "default": true
            },
            {
              "name": "dist",
              "path": "/nix/store/cwghxihmfl85yipi5rwam5ysr9qlqx8g-python3.12-poetry-2.0.1-dist"
            }
          ],
          "store_path": "/nix/store/4ga62hpi7fkqmpnlfmccgb1qwn9qvhgk-python3.12-poetry-2.0.1"
        }
      }
    },
    "python@3.13.1": {
      "last_modified": "2025-01-19T08:16:51Z",
      "plugin_version": "0.0.4",
      "resolved": "github:NixOS/nixpkgs/50165c4f7eb48ce82bd063e1fb8047a0f515f8ce#python313",
      "source": "devbox-search",
      "version": "3.13.1",
      "systems": {
        "aarch64-darwin": {
          "outputs": [
            {
              "name": "out",
              "path": "/nix/store/klq7f8aricx6ky3c8acys5v3rd3ryivh-python3-3.13.1",
              "default": true
            }
          ],
          "store_path": "/nix/store/klq7f8aricx6ky3c8acys5v3rd3ryivh-python3-3.13.1"
        },
        "aarch64-linux": {
          "outputs": [
            {
              "name": "out",
              "path": "/nix/store/g7c62ybmsjnz5zlpv34c0rxidlchxf6l-python3-3.13.1",
              "default": true
            },
            {
              "name": "debug",
              "path": "/nix/store/dsa9ha60y96czlrgl2sa94qd1l9qvniz-python3-3.13.1-debug"
            }
          ],
          "store_path": "/nix/store/g7c62ybmsjnz5zlpv34c0rxidlchxf6l-python3-3.13.1"
        },
        "x86_64-darwin": {
          "outputs": [
            {
              "name": "out",
              "path": "/nix/store/pzzc4xz3714dwrcp5hry7f03kiv08cbp-python3-3.13.1",
              "default": true
            }
          ],
          "store_path": "/nix/store/pzzc4xz3714dwrcp5hry7f03kiv08cbp-python3-3.13.1"
        },
        "x86_64-linux": {
          "outputs": [
            {
              "name": "out",
              "path": "/nix/store/29a6wlyr860xg3i9n3pzavrlggmyxzkr-python3-3.13.1",
              "default": true
            },
            {
              "name": "debug",
              "path": "/nix/store/3ns7yf43xrkpbn4pxda8nlp0ddvnxyiw-python3-3.13.1-debug"
            }
          ],
          "store_path": "/nix/store/29a6wlyr860xg3i9n3pzavrlggmyxzkr-python3-3.13.1"
        }
      }
    }
  }
}
